// !$*UTF8*$!
{
	archiveVersion = 1;
	classes = {
	};
	objectVersion = 50;
	objects = {

/* Begin PBXBuildFile section */
		4F71D05C209452BE00A321AB /* AppDelegate.swift in Sources */ = {isa = PBXBuildFile; fileRef = 4F71D05B209452BE00A321AB /* AppDelegate.swift */; };
		4F71D05E209452BE00A321AB /* MainMenuViewController.swift in Sources */ = {isa = PBXBuildFile; fileRef = 4F71D05D209452BE00A321AB /* MainMenuViewController.swift */; };
		4F71D061209452BE00A321AB /* Main.storyboard in Resources */ = {isa = PBXBuildFile; fileRef = 4F71D05F209452BE00A321AB /* Main.storyboard */; };
		4F71D063209452BE00A321AB /* Assets.xcassets in Resources */ = {isa = PBXBuildFile; fileRef = 4F71D062209452BE00A321AB /* Assets.xcassets */; };
		4F71D066209452BE00A321AB /* LaunchScreen.storyboard in Resources */ = {isa = PBXBuildFile; fileRef = 4F71D064209452BE00A321AB /* LaunchScreen.storyboard */; };
		4F71D06E209452D700A321AB /* unicorn-splash.png in Resources */ = {isa = PBXBuildFile; fileRef = 4F71D06D209452D700A321AB /* unicorn-splash.png */; };
		4F81437B209455A00004F566 /* MainMenuView.swift in Sources */ = {isa = PBXBuildFile; fileRef = 4F81437A209455A00004F566 /* MainMenuView.swift */; };
		4F81437D209455CC0004F566 /* readme in Resources */ = {isa = PBXBuildFile; fileRef = 4F81437C209455CC0004F566 /* readme */; };
		4F81437F209458680004F566 /* sky.jpg in Resources */ = {isa = PBXBuildFile; fileRef = 4F81437E209458680004F566 /* sky.jpg */; };
		4F814381209458F50004F566 /* unicorn-sky.jpg in Resources */ = {isa = PBXBuildFile; fileRef = 4F814380209458F40004F566 /* unicorn-sky.jpg */; };
		4F81438320945E390004F566 /* whale-unicorn.png in Resources */ = {isa = PBXBuildFile; fileRef = 4F81438220945E390004F566 /* whale-unicorn.png */; };
		4F814385209463BA0004F566 /* GameView.swift in Sources */ = {isa = PBXBuildFile; fileRef = 4F814384209463BA0004F566 /* GameView.swift */; };
		4F814387209489A20004F566 /* Sprite.swift in Sources */ = {isa = PBXBuildFile; fileRef = 4F814386209489A20004F566 /* Sprite.swift */; };
		4F814389209489CD0004F566 /* Vector.swift in Sources */ = {isa = PBXBuildFile; fileRef = 4F814388209489CD0004F566 /* Vector.swift */; };
/* End PBXBuildFile section */

/* Begin PBXFileReference section */
		4F71D058209452BE00A321AB /* dream-puff.app */ = {isa = PBXFileReference; explicitFileType = wrapper.application; includeInIndex = 0; path = "dream-puff.app"; sourceTree = BUILT_PRODUCTS_DIR; };
		4F71D05B209452BE00A321AB /* AppDelegate.swift */ = {isa = PBXFileReference; lastKnownFileType = sourcecode.swift; path = AppDelegate.swift; sourceTree = "<group>"; };
		4F71D05D209452BE00A321AB /* MainMenuViewController.swift */ = {isa = PBXFileReference; lastKnownFileType = sourcecode.swift; path = MainMenuViewController.swift; sourceTree = "<group>"; };
		4F71D060209452BE00A321AB /* Base */ = {isa = PBXFileReference; lastKnownFileType = file.storyboard; name = Base; path = Base.lproj/Main.storyboard; sourceTree = "<group>"; };
		4F71D062209452BE00A321AB /* Assets.xcassets */ = {isa = PBXFileReference; lastKnownFileType = folder.assetcatalog; path = Assets.xcassets; sourceTree = "<group>"; };
		4F71D065209452BE00A321AB /* Base */ = {isa = PBXFileReference; lastKnownFileType = file.storyboard; name = Base; path = Base.lproj/LaunchScreen.storyboard; sourceTree = "<group>"; };
		4F71D067209452BE00A321AB /* Info.plist */ = {isa = PBXFileReference; lastKnownFileType = text.plist.xml; path = Info.plist; sourceTree = "<group>"; };
		4F71D06D209452D700A321AB /* unicorn-splash.png */ = {isa = PBXFileReference; lastKnownFileType = image.png; path = "unicorn-splash.png"; sourceTree = "<group>"; };
		4F81437A209455A00004F566 /* MainMenuView.swift */ = {isa = PBXFileReference; lastKnownFileType = sourcecode.swift; path = MainMenuView.swift; sourceTree = "<group>"; };
		4F81437C209455CC0004F566 /* readme */ = {isa = PBXFileReference; lastKnownFileType = text; path = readme; sourceTree = "<group>"; };
		4F81437E209458680004F566 /* sky.jpg */ = {isa = PBXFileReference; lastKnownFileType = image.jpeg; path = sky.jpg; sourceTree = "<group>"; };
		4F814380209458F40004F566 /* unicorn-sky.jpg */ = {isa = PBXFileReference; lastKnownFileType = image.jpeg; path = "unicorn-sky.jpg"; sourceTree = "<group>"; };
		4F81438220945E390004F566 /* whale-unicorn.png */ = {isa = PBXFileReference; lastKnownFileType = image.png; path = "whale-unicorn.png"; sourceTree = "<group>"; };
		4F814384209463BA0004F566 /* GameView.swift */ = {isa = PBXFileReference; lastKnownFileType = sourcecode.swift; path = GameView.swift; sourceTree = "<group>"; };
		4F814386209489A20004F566 /* Sprite.swift */ = {isa = PBXFileReference; lastKnownFileType = sourcecode.swift; path = Sprite.swift; sourceTree = "<group>"; };
		4F814388209489CD0004F566 /* Vector.swift */ = {isa = PBXFileReference; lastKnownFileType = sourcecode.swift; path = Vector.swift; sourceTree = "<group>"; };
/* End PBXFileReference section */

/* Begin PBXFrameworksBuildPhase section */
		4F71D055209452BE00A321AB /* Frameworks */ = {
			isa = PBXFrameworksBuildPhase;
			buildActionMask = 2147483647;
			files = (
			);
			runOnlyForDeploymentPostprocessing = 0;
		};
/* End PBXFrameworksBuildPhase section */

/* Begin PBXGroup section */
		4F71D04F209452BE00A321AB = {
			isa = PBXGroup;
			children = (
				4F81437C209455CC0004F566 /* readme */,
				4F71D05A209452BE00A321AB /* dream-puff */,
				4F71D059209452BE00A321AB /* Products */,
			);
			sourceTree = "<group>";
		};
		4F71D059209452BE00A321AB /* Products */ = {
			isa = PBXGroup;
			children = (
				4F71D058209452BE00A321AB /* dream-puff.app */,
			);
			name = Products;
			sourceTree = "<group>";
		};
		4F71D05A209452BE00A321AB /* dream-puff */ = {
			isa = PBXGroup;
			children = (
				4F71D05B209452BE00A321AB /* AppDelegate.swift */,
				4F71D05D209452BE00A321AB /* MainMenuViewController.swift */,
				4F81437A209455A00004F566 /* MainMenuView.swift */,
				4F814384209463BA0004F566 /* GameView.swift */,
				4F814386209489A20004F566 /* Sprite.swift */,
				4F814388209489CD0004F566 /* Vector.swift */,
				4F71D05F209452BE00A321AB /* Main.storyboard */,
				4F71D062209452BE00A321AB /* Assets.xcassets */,
				4F71D06D209452D700A321AB /* unicorn-splash.png */,
				4F814380209458F40004F566 /* unicorn-sky.jpg */,
				4F81438220945E390004F566 /* whale-unicorn.png */,
				4F81437E209458680004F566 /* sky.jpg */,
				4F71D064209452BE00A321AB /* LaunchScreen.storyboard */,
				4F71D067209452BE00A321AB /* Info.plist */,
			);
			path = "dream-puff";
			sourceTree = "<group>";
		};
/* End PBXGroup section */

/* Begin PBXNativeTarget section */
		4F71D057209452BE00A321AB /* dream-puff */ = {
			isa = PBXNativeTarget;
			buildConfigurationList = 4F71D06A209452BE00A321AB /* Build configuration list for PBXNativeTarget "dream-puff" */;
			buildPhases = (
				4F71D054209452BE00A321AB /* Sources */,
				4F71D055209452BE00A321AB /* Frameworks */,
				4F71D056209452BE00A321AB /* Resources */,
			);
			buildRules = (
			);
			dependencies = (
			);
			name = "dream-puff";
			productName = "dream-puff";
			productReference = 4F71D058209452BE00A321AB /* dream-puff.app */;
			productType = "com.apple.product-type.application";
		};
/* End PBXNativeTarget section */

/* Begin PBXProject section */
		4F71D050209452BE00A321AB /* Project object */ = {
			isa = PBXProject;
			attributes = {
				LastSwiftUpdateCheck = 0930;
				LastUpgradeCheck = 0930;
				ORGANIZATIONNAME = "Makenzie Elliott";
				TargetAttributes = {
					4F71D057209452BE00A321AB = {
						CreatedOnToolsVersion = 9.3;
					};
				};
			};
			buildConfigurationList = 4F71D053209452BE00A321AB /* Build configuration list for PBXProject "dream-puff" */;
			compatibilityVersion = "Xcode 9.3";
			developmentRegion = en;
			hasScannedForEncodings = 0;
			knownRegions = (
				en,
				Base,
			);
			mainGroup = 4F71D04F209452BE00A321AB;
			productRefGroup = 4F71D059209452BE00A321AB /* Products */;
			projectDirPath = "";
			projectRoot = "";
			targets = (
				4F71D057209452BE00A321AB /* dream-puff */,
			);
		};
/* End PBXProject section */

/* Begin PBXResourcesBuildPhase section */
		4F71D056209452BE00A321AB /* Resources */ = {
			isa = PBXResourcesBuildPhase;
			buildActionMask = 2147483647;
			files = (
				4F81438320945E390004F566 /* whale-unicorn.png in Resources */,
				4F81437D209455CC0004F566 /* readme in Resources */,
				4F71D066209452BE00A321AB /* LaunchScreen.storyboard in Resources */,
				4F814381209458F50004F566 /* unicorn-sky.jpg in Resources */,
				4F71D063209452BE00A321AB /* Assets.xcassets in Resources */,
				4F81437F209458680004F566 /* sky.jpg in Resources */,
				4F71D061209452BE00A321AB /* Main.storyboard in Resources */,
				4F71D06E209452D700A321AB /* unicorn-splash.png in Resources */,
			);
			runOnlyForDeploymentPostprocessing = 0;
		};
/* End PBXResourcesBuildPhase section */

/* Begin PBXSourcesBuildPhase section */
		4F71D054209452BE00A321AB /* Sources */ = {
			isa = PBXSourcesBuildPhase;
			buildActionMask = 2147483647;
			files = (
				4F814387209489A20004F566 /* Sprite.swift in Sources */,
				4F81437B209455A00004F566 /* MainMenuView.swift in Sources */,
				4F71D05E209452BE00A321AB /* MainMenuViewController.swift in Sources */,
				4F814385209463BA0004F566 /* GameView.swift in Sources */,
				4F814389209489CD0004F566 /* Vector.swift in Sources */,
				4F71D05C209452BE00A321AB /* AppDelegate.swift in Sources */,
			);
			runOnlyForDeploymentPostprocessing = 0;
		};
/* End PBXSourcesBuildPhase section */

/* Begin PBXVariantGroup section */
		4F71D05F209452BE00A321AB /* Main.storyboard */ = {
			isa = PBXVariantGroup;
			children = (
				4F71D060209452BE00A321AB /* Base */,
			);
			name = Main.storyboard;
			sourceTree = "<group>";
		};
		4F71D064209452BE00A321AB /* LaunchScreen.storyboard */ = {
			isa = PBXVariantGroup;
			children = (
				4F71D065209452BE00A321AB /* Base */,
			);
			name = LaunchScreen.storyboard;
			sourceTree = "<group>";
		};
/* End PBXVariantGroup section */

/* Begin XCBuildConfiguration section */
		4F71D068209452BE00A321AB /* Debug */ = {
			isa = XCBuildConfiguration;
			buildSettings = {
				ALWAYS_SEARCH_USER_PATHS = NO;
				CLANG_ANALYZER_NONNULL = YES;
				CLANG_ANALYZER_NUMBER_OBJECT_CONVERSION = YES_AGGRESSIVE;
				CLANG_CXX_LANGUAGE_STANDARD = "gnu++14";
				CLANG_CXX_LIBRARY = "libc++";
				CLANG_ENABLE_MODULES = YES;
				CLANG_ENABLE_OBJC_ARC = YES;
				CLANG_ENABLE_OBJC_WEAK = YES;
				CLANG_WARN_BLOCK_CAPTURE_AUTORELEASING = YES;
				CLANG_WARN_BOOL_CONVERSION = YES;
				CLANG_WARN_COMMA = YES;
				CLANG_WARN_CONSTANT_CONVERSION = YES;
				CLANG_WARN_DEPRECATED_OBJC_IMPLEMENTATIONS = YES;
				CLANG_WARN_DIRECT_OBJC_ISA_USAGE = YES_ERROR;
				CLANG_WARN_DOCUMENTATION_COMMENTS = YES;
				CLANG_WARN_EMPTY_BODY = YES;
				CLANG_WARN_ENUM_CONVERSION = YES;
				CLANG_WARN_INFINITE_RECURSION = YES;
				CLANG_WARN_INT_CONVERSION = YES;
				CLANG_WARN_NON_LITERAL_NULL_CONVERSION = YES;
				CLANG_WARN_OBJC_IMPLICIT_RETAIN_SELF = YES;
				CLANG_WARN_OBJC_LITERAL_CONVERSION = YES;
				CLANG_WARN_OBJC_ROOT_CLASS = YES_ERROR;
				CLANG_WARN_RANGE_LOOP_ANALYSIS = YES;
				CLANG_WARN_STRICT_PROTOTYPES = YES;
				CLANG_WARN_SUSPICIOUS_MOVE = YES;
				CLANG_WARN_UNGUARDED_AVAILABILITY = YES_AGGRESSIVE;
				CLANG_WARN_UNREACHABLE_CODE = YES;
				CLANG_WARN__DUPLICATE_METHOD_MATCH = YES;
				CODE_SIGN_IDENTITY = "iPhone Developer";
				COPY_PHASE_STRIP = NO;
				DEBUG_INFORMATION_FORMAT = dwarf;
				ENABLE_STRICT_OBJC_MSGSEND = YES;
				ENABLE_TESTABILITY = YES;
				GCC_C_LANGUAGE_STANDARD = gnu11;
				GCC_DYNAMIC_NO_PIC = NO;
				GCC_NO_COMMON_BLOCKS = YES;
				GCC_OPTIMIZATION_LEVEL = 0;
				GCC_PREPROCESSOR_DEFINITIONS = (
					"DEBUG=1",
					"$(inherited)",
				);
				GCC_WARN_64_TO_32_BIT_CONVERSION = YES;
				GCC_WARN_ABOUT_RETURN_TYPE = YES_ERROR;
				GCC_WARN_UNDECLARED_SELECTOR = YES;
				GCC_WARN_UNINITIALIZED_AUTOS = YES_AGGRESSIVE;
				GCC_WARN_UNUSED_FUNCTION = YES;
				GCC_WARN_UNUSED_VARIABLE = YES;
				IPHONEOS_DEPLOYMENT_TARGET = 11.3;
				MTL_ENABLE_DEBUG_INFO = YES;
				ONLY_ACTIVE_ARCH = YES;
				SDKROOT = iphoneos;
				SWIFT_ACTIVE_COMPILATION_CONDITIONS = DEBUG;
				SWIFT_OPTIMIZATION_LEVEL = "-Onone";
			};
			name = Debug;
		};
		4F71D069209452BE00A321AB /* Release */ = {
			isa = XCBuildConfiguration;
			buildSettings = {
				ALWAYS_SEARCH_USER_PATHS = NO;
				CLANG_ANALYZER_NONNULL = YES;
				CLANG_ANALYZER_NUMBER_OBJECT_CONVERSION = YES_AGGRESSIVE;
				CLANG_CXX_LANGUAGE_STANDARD = "gnu++14";
				CLANG_CXX_LIBRARY = "libc++";
				CLANG_ENABLE_MODULES = YES;
				CLANG_ENABLE_OBJC_ARC = YES;
				CLANG_ENABLE_OBJC_WEAK = YES;
				CLANG_WARN_BLOCK_CAPTURE_AUTORELEASING = YES;
				CLANG_WARN_BOOL_CONVERSION = YES;
				CLANG_WARN_COMMA = YES;
				CLANG_WARN_CONSTANT_CONVERSION = YES;
				CLANG_WARN_DEPRECATED_OBJC_IMPLEMENTATIONS = YES;
				CLANG_WARN_DIRECT_OBJC_ISA_USAGE = YES_ERROR;
				CLANG_WARN_DOCUMENTATION_COMMENTS = YES;
				CLANG_WARN_EMPTY_BODY = YES;
				CLANG_WARN_ENUM_CONVERSION = YES;
				CLANG_WARN_INFINITE_RECURSION = YES;
				CLANG_WARN_INT_CONVERSION = YES;
				CLANG_WARN_NON_LITERAL_NULL_CONVERSION = YES;
				CLANG_WARN_OBJC_IMPLICIT_RETAIN_SELF = YES;
				CLANG_WARN_OBJC_LITERAL_CONVERSION = YES;
				CLANG_WARN_OBJC_ROOT_CLASS = YES_ERROR;
				CLANG_WARN_RANGE_LOOP_ANALYSIS = YES;
				CLANG_WARN_STRICT_PROTOTYPES = YES;
				CLANG_WARN_SUSPICIOUS_MOVE = YES;
				CLANG_WARN_UNGUARDED_AVAILABILITY = YES_AGGRESSIVE;
				CLANG_WARN_UNREACHABLE_CODE = YES;
				CLANG_WARN__DUPLICATE_METHOD_MATCH = YES;
				CODE_SIGN_IDENTITY = "iPhone Developer";
				COPY_PHASE_STRIP = NO;
				DEBUG_INFORMATION_FORMAT = "dwarf-with-dsym";
				ENABLE_NS_ASSERTIONS = NO;
				ENABLE_STRICT_OBJC_MSGSEND = YES;
				GCC_C_LANGUAGE_STANDARD = gnu11;
				GCC_NO_COMMON_BLOCKS = YES;
				GCC_WARN_64_TO_32_BIT_CONVERSION = YES;
				GCC_WARN_ABOUT_RETURN_TYPE = YES_ERROR;
				GCC_WARN_UNDECLARED_SELECTOR = YES;
				GCC_WARN_UNINITIALIZED_AUTOS = YES_AGGRESSIVE;
				GCC_WARN_UNUSED_FUNCTION = YES;
				GCC_WARN_UNUSED_VARIABLE = YES;
				IPHONEOS_DEPLOYMENT_TARGET = 11.3;
				MTL_ENABLE_DEBUG_INFO = NO;
				SDKROOT = iphoneos;
				SWIFT_COMPILATION_MODE = wholemodule;
				SWIFT_OPTIMIZATION_LEVEL = "-O";
				VALIDATE_PRODUCT = YES;
			};
			name = Release;
		};
		4F71D06B209452BE00A321AB /* Debug */ = {
			isa = XCBuildConfiguration;
			buildSettings = {
				ASSETCATALOG_COMPILER_APPICON_NAME = AppIcon;
				CODE_SIGN_STYLE = Automatic;
				INFOPLIST_FILE = "dream-puff/Info.plist";
				LD_RUNPATH_SEARCH_PATHS = (
					"$(inherited)",
					"@executable_path/Frameworks",
				);
				PRODUCT_BUNDLE_IDENTIFIER = "UniversityOfUtah.dream-puff";
				PRODUCT_NAME = "$(TARGET_NAME)";
				SWIFT_VERSION = 4.0;
				TARGETED_DEVICE_FAMILY = "1,2";
			};
			name = Debug;
		};
		4F71D06C209452BE00A321AB /* Release */ = {
			isa = XCBuildConfiguration;
			buildSettings = {
				ASSETCATALOG_COMPILER_APPICON_NAME = AppIcon;
				CODE_SIGN_STYLE = Automatic;
				INFOPLIST_FILE = "dream-puff/Info.plist";
				LD_RUNPATH_SEARCH_PATHS = (
					"$(inherited)",
					"@executable_path/Frameworks",
				);
				PRODUCT_BUNDLE_IDENTIFIER = "UniversityOfUtah.dream-puff";
				PRODUCT_NAME = "$(TARGET_NAME)";
				SWIFT_VERSION = 4.0;
				TARGETED_DEVICE_FAMILY = "1,2";
			};
			name = Release;
		};
/* End XCBuildConfiguration section */

/* Begin XCConfigurationList section */
		4F71D053209452BE00A321AB /* Build configuration list for PBXProject "dream-puff" */ = {
			isa = XCConfigurationList;
			buildConfigurations = (
				4F71D068209452BE00A321AB /* Debug */,
				4F71D069209452BE00A321AB /* Release */,
			);
			defaultConfigurationIsVisible = 0;
			defaultConfigurationName = Release;
		};
		4F71D06A209452BE00A321AB /* Build configuration list for PBXNativeTarget "dream-puff" */ = {
			isa = XCConfigurationList;
			buildConfigurations = (
				4F71D06B209452BE00A321AB /* Debug */,
				4F71D06C209452BE00A321AB /* Release */,
			);
			defaultConfigurationIsVisible = 0;
			defaultConfigurationName = Release;
		};
/* End XCConfigurationList section */
	};
	rootObject = 4F71D050209452BE00A321AB /* Project object */;
}
